
Microsoft Visual Studio Solution File, Format Version 12.00
# Visual Studio 15
VisualStudioVersion = 15.0.28307.757
MinimumVisualStudioVersion = 10.0.40219.1
Project("{FAE04EC0-301F-11D3-BF4B-00C04F79EFBC}") = "Xamarin2019.Android", "Xamarin2019\Xamarin2019.Android\Xamarin2019.Android.csproj", "{0C7C34BF-A82F-495D-833D-E428DD4BAB32}"
EndProject
Project("{FAE04EC0-301F-11D3-BF4B-00C04F79EFBC}") = "Xamarin2019", "Xamarin2019\Xamarin2019\Xamarin2019.csproj", "{9F936812-6587-4342-8CDF-4DE7933DBA33}"
EndProject
Global
	GlobalSection(SolutionConfigurationPlatforms) = preSolution
		Debug|Any CPU = Debug|Any CPU
		Release|Any CPU = Release|Any CPU
	EndGlobalSection
	GlobalSection(ProjectConfigurationPlatforms) = postSolution
		{0C7C34BF-A82F-495D-833D-E428DD4BAB32}.Debug|Any CPU.ActiveCfg = Debug|Any CPU
		{0C7C34BF-A82F-495D-833D-E428DD4BAB32}.Debug|Any CPU.Build.0 = Debug|Any CPU
		{0C7C34BF-A82F-495D-833D-E428DD4BAB32}.Debug|Any CPU.Deploy.0 = Debug|Any CPU
		{0C7C34BF-A82F-495D-833D-E428DD4BAB32}.Release|Any CPU.ActiveCfg = Release|Any CPU
		{0C7C34BF-A82F-495D-833D-E428DD4BAB32}.Release|Any CPU.Build.0 = Release|Any CPU
		{0C7C34BF-A82F-495D-833D-E428DD4BAB32}.Release|Any CPU.Deploy.0 = Release|Any CPU
		{9F936812-6587-4342-8CDF-4DE7933DBA33}.Debug|Any CPU.ActiveCfg = Debug|Any CPU
		{9F936812-6587-4342-8CDF-4DE7933DBA33}.Debug|Any CPU.Build.0 = Debug|Any CPU
		{9F936812-6587-4342-8CDF-4DE7933DBA33}.Debug|Any CPU.Deploy.0 = Debug|Any CPU
		{9F936812-6587-4342-8CDF-4DE7933DBA33}.Release|Any CPU.ActiveCfg = Release|Any CPU
		{9F936812-6587-4342-8CDF-4DE7933DBA33}.Release|Any CPU.Build.0 = Release|Any CPU
		{9F936812-6587-4342-8CDF-4DE7933DBA33}.Release|Any CPU.Deploy.0 = Release|Any CPU
	EndGlobalSection
	GlobalSection(SolutionProperties) = preSolution
		HideSolutionNode = FALSE
	EndGlobalSection
	GlobalSection(ExtensibilityGlobals) = postSolution
		SolutionGuid = {76690A51-2A97-42C1-8D64-D64CEB15284D}
	EndGlobalSection
EndGlobal
