
Microsoft Visual Studio Solution File, Format Version 12.00
# Visual Studio Version 16
VisualStudioVersion = 16.0.29001.49
MinimumVisualStudioVersion = 10.0.40219.1
Project("{FAE04EC0-301F-11D3-BF4B-00C04F79EFBC}") = "XamarinUP2018.Android", "XamarinUP2018.Android\XamarinUP2018.Android.csproj", "{05464F11-640A-4603-A7D5-B49D67D7B935}"
EndProject
Project("{FAE04EC0-301F-11D3-BF4B-00C04F79EFBC}") = "XamarinUP2018.iOS", "XamarinUP2018.iOS\XamarinUP2018.iOS.csproj", "{BF6745A8-3112-487A-AAB8-9575F38A5CB1}"
EndProject
Project("{FAE04EC0-301F-11D3-BF4B-00C04F79EFBC}") = "XamarinUP2018", "XamarinUP2018\XamarinUP2018.csproj", "{DEDFAF38-3D44-440D-AA37-C33836685450}"
EndProject
Global
	GlobalSection(SolutionConfigurationPlatforms) = preSolution
		Debug|Any CPU = Debug|Any CPU
		Debug|iPhone = Debug|iPhone
		Debug|iPhoneSimulator = Debug|iPhoneSimulator
		Release|Any CPU = Release|Any CPU
		Release|iPhone = Release|iPhone
		Release|iPhoneSimulator = Release|iPhoneSimulator
	EndGlobalSection
	GlobalSection(ProjectConfigurationPlatforms) = postSolution
		{05464F11-640A-4603-A7D5-B49D67D7B935}.Debug|Any CPU.ActiveCfg = Debug|Any CPU
		{05464F11-640A-4603-A7D5-B49D67D7B935}.Debug|Any CPU.Build.0 = Debug|Any CPU
		{05464F11-640A-4603-A7D5-B49D67D7B935}.Debug|Any CPU.Deploy.0 = Debug|Any CPU
		{05464F11-640A-4603-A7D5-B49D67D7B935}.Debug|iPhone.ActiveCfg = Debug|Any CPU
		{05464F11-640A-4603-A7D5-B49D67D7B935}.Debug|iPhone.Build.0 = Debug|Any CPU
		{05464F11-640A-4603-A7D5-B49D67D7B935}.Debug|iPhone.Deploy.0 = Debug|Any CPU
		{05464F11-640A-4603-A7D5-B49D67D7B935}.Debug|iPhoneSimulator.ActiveCfg = Debug|Any CPU
		{05464F11-640A-4603-A7D5-B49D67D7B935}.Debug|iPhoneSimulator.Build.0 = Debug|Any CPU
		{05464F11-640A-4603-A7D5-B49D67D7B935}.Debug|iPhoneSimulator.Deploy.0 = Debug|Any CPU
		{05464F11-640A-4603-A7D5-B49D67D7B935}.Release|Any CPU.ActiveCfg = Release|Any CPU
		{05464F11-640A-4603-A7D5-B49D67D7B935}.Release|Any CPU.Build.0 = Release|Any CPU
		{05464F11-640A-4603-A7D5-B49D67D7B935}.Release|Any CPU.Deploy.0 = Release|Any CPU
		{05464F11-640A-4603-A7D5-B49D67D7B935}.Release|iPhone.ActiveCfg = Release|Any CPU
		{05464F11-640A-4603-A7D5-B49D67D7B935}.Release|iPhone.Build.0 = Release|Any CPU
		{05464F11-640A-4603-A7D5-B49D67D7B935}.Release|iPhone.Deploy.0 = Release|Any CPU
		{05464F11-640A-4603-A7D5-B49D67D7B935}.Release|iPhoneSimulator.ActiveCfg = Release|Any CPU
		{05464F11-640A-4603-A7D5-B49D67D7B935}.Release|iPhoneSimulator.Build.0 = Release|Any CPU
		{05464F11-640A-4603-A7D5-B49D67D7B935}.Release|iPhoneSimulator.Deploy.0 = Release|Any CPU
		{BF6745A8-3112-487A-AAB8-9575F38A5CB1}.Debug|Any CPU.ActiveCfg = Debug|iPhoneSimulator
		{BF6745A8-3112-487A-AAB8-9575F38A5CB1}.Debug|Any CPU.Build.0 = Debug|iPhoneSimulator
		{BF6745A8-3112-487A-AAB8-9575F38A5CB1}.Debug|Any CPU.Deploy.0 = Debug|iPhoneSimulator
		{BF6745A8-3112-487A-AAB8-9575F38A5CB1}.Debug|iPhone.ActiveCfg = Debug|iPhone
		{BF6745A8-3112-487A-AAB8-9575F38A5CB1}.Debug|iPhone.Build.0 = Debug|iPhone
		{BF6745A8-3112-487A-AAB8-9575F38A5CB1}.Debug|iPhone.Deploy.0 = Debug|iPhone
		{BF6745A8-3112-487A-AAB8-9575F38A5CB1}.Debug|iPhoneSimulator.ActiveCfg = Debug|iPhoneSimulator
		{BF6745A8-3112-487A-AAB8-9575F38A5CB1}.Debug|iPhoneSimulator.Build.0 = Debug|iPhoneSimulator
		{BF6745A8-3112-487A-AAB8-9575F38A5CB1}.Debug|iPhoneSimulator.Deploy.0 = Debug|iPhoneSimulator
		{BF6745A8-3112-487A-AAB8-9575F38A5CB1}.Release|Any CPU.ActiveCfg = Release|iPhone
		{BF6745A8-3112-487A-AAB8-9575F38A5CB1}.Release|Any CPU.Build.0 = Release|iPhone
		{BF6745A8-3112-487A-AAB8-9575F38A5CB1}.Release|Any CPU.Deploy.0 = Release|iPhone
		{BF6745A8-3112-487A-AAB8-9575F38A5CB1}.Release|iPhone.ActiveCfg = Release|iPhone
		{BF6745A8-3112-487A-AAB8-9575F38A5CB1}.Release|iPhone.Build.0 = Release|iPhone
		{BF6745A8-3112-487A-AAB8-9575F38A5CB1}.Release|iPhone.Deploy.0 = Release|iPhone
		{BF6745A8-3112-487A-AAB8-9575F38A5CB1}.Release|iPhoneSimulator.ActiveCfg = Release|iPhoneSimulator
		{BF6745A8-3112-487A-AAB8-9575F38A5CB1}.Release|iPhoneSimulator.Build.0 = Release|iPhoneSimulator
		{BF6745A8-3112-487A-AAB8-9575F38A5CB1}.Release|iPhoneSimulator.Deploy.0 = Release|iPhoneSimulator
		{DEDFAF38-3D44-440D-AA37-C33836685450}.Debug|Any CPU.ActiveCfg = Debug|Any CPU
		{DEDFAF38-3D44-440D-AA37-C33836685450}.Debug|Any CPU.Build.0 = Debug|Any CPU
		{DEDFAF38-3D44-440D-AA37-C33836685450}.Debug|Any CPU.Deploy.0 = Debug|Any CPU
		{DEDFAF38-3D44-440D-AA37-C33836685450}.Debug|iPhone.ActiveCfg = Debug|Any CPU
		{DEDFAF38-3D44-440D-AA37-C33836685450}.Debug|iPhone.Build.0 = Debug|Any CPU
		{DEDFAF38-3D44-440D-AA37-C33836685450}.Debug|iPhone.Deploy.0 = Debug|Any CPU
		{DEDFAF38-3D44-440D-AA37-C33836685450}.Debug|iPhoneSimulator.ActiveCfg = Debug|Any CPU
		{DEDFAF38-3D44-440D-AA37-C33836685450}.Debug|iPhoneSimulator.Build.0 = Debug|Any CPU
		{DEDFAF38-3D44-440D-AA37-C33836685450}.Debug|iPhoneSimulator.Deploy.0 = Debug|Any CPU
		{DEDFAF38-3D44-440D-AA37-C33836685450}.Release|Any CPU.ActiveCfg = Release|Any CPU
		{DEDFAF38-3D44-440D-AA37-C33836685450}.Release|Any CPU.Build.0 = Release|Any CPU
		{DEDFAF38-3D44-440D-AA37-C33836685450}.Release|Any CPU.Deploy.0 = Release|Any CPU
		{DEDFAF38-3D44-440D-AA37-C33836685450}.Release|iPhone.ActiveCfg = Release|Any CPU
		{DEDFAF38-3D44-440D-AA37-C33836685450}.Release|iPhone.Build.0 = Release|Any CPU
		{DEDFAF38-3D44-440D-AA37-C33836685450}.Release|iPhone.Deploy.0 = Release|Any CPU
		{DEDFAF38-3D44-440D-AA37-C33836685450}.Release|iPhoneSimulator.ActiveCfg = Release|Any CPU
		{DEDFAF38-3D44-440D-AA37-C33836685450}.Release|iPhoneSimulator.Build.0 = Release|Any CPU
		{DEDFAF38-3D44-440D-AA37-C33836685450}.Release|iPhoneSimulator.Deploy.0 = Release|Any CPU
	EndGlobalSection
	GlobalSection(SolutionProperties) = preSolution
		HideSolutionNode = FALSE
	EndGlobalSection
	GlobalSection(ExtensibilityGlobals) = postSolution
		SolutionGuid = {8E9C2A81-49FB-4C16-B923-5EB2091E992B}
	EndGlobalSection
EndGlobal
